<?xml version="1.0" encoding="utf-8"?>
<Project ToolsVersion="4.0" xmlns="http://schemas.microsoft.com/developer/msbuild/2003">
  <ItemGroup>
    <ClCompile Include="Shared\Ball.cpp" />
    <ClCompile Include="Shared\ConfigSettings.cpp" />
    <ClCompile Include="Shared\GameObject.cpp" />
    <ClCompile Include="Shared\Paddle.cpp" />
    <ClCompile Include="Shared\Networking\Connection.cpp" />
    <ClCompile Include="Shared\Networking\Network.cpp" />
    <ClCompile Include="Shared\Player.cpp" />
    <ClCompile Include="Shared\Wall.cpp" />
    <ClCompile Include="Shared\Util\json11.cpp">
      <Filter>Util</Filter>
    </ClCompile>
    <ClCompile Include="Shared\BoundingShape.cpp" />
    <ClCompile Include="Shared\BoundingSphere.cpp" />
    <ClCompile Include="Shared\BoundingBox.cpp" />
    <ClCompile Include="Shared\CollisionDetection.cpp" />
    <ClCompile Include="Shared\Game\ParticleEmitter.cpp">
      <Filter>Game</Filter>
    </ClCompile>
    <ClCompile Include="Shared\PhysicsEngine.cpp" />
  </ItemGroup>
  <ItemGroup>
    <ClInclude Include="Shared\Ball.h" />
    <ClInclude Include="Shared\Common.h" />
    <ClInclude Include="Shared\CommonStructs.h" />
    <ClInclude Include="Shared\GameObject.h" />
    <ClInclude Include="Shared\Paddle.h" />
    <ClInclude Include="Shared\GameMessage.hpp" />
    <ClInclude Include="Shared\Networking\Connection.h" />
    <ClInclude Include="Shared\Networking\NetBuffer.h" />
    <ClInclude Include="Shared\Networking\NetMessage.h" />
    <ClInclude Include="Shared\Networking\Network.h" />
    <ClInclude Include="Shared\Networking\Serializable.h" />
    <ClInclude Include="Shared\Player.h" />
    <ClInclude Include="Shared\Wall.h" />
    <ClInclude Include="Shared\GameState.h" />
    <ClInclude Include="Shared\Util\json11.hpp">
      <Filter>Util</Filter>
    </ClInclude>
    <ClInclude Include="Shared\BoundingShape.h" />
    <ClInclude Include="Shared\BoundingSphere.h" />
    <ClInclude Include="Shared\BoundingBox.h" />
    <ClInclude Include="Shared\CollisionDetection.h" />
    <ClInclude Include="Shared\Game\ParticleEmitter.h">
      <Filter>Game</Filter>
    </ClInclude>
    <ClInclude Include="Shared\PhysicsEngine.h" />
  </ItemGroup>
  <ItemGroup>
    <Filter Include="Util">
      <UniqueIdentifier>{629d504a-4410-414a-a5c0-4c8b4998cdf4}</UniqueIdentifier>
    </Filter>
    <Filter Include="Game">
      <UniqueIdentifier>{cc2e990a-a5bc-44f8-9d4e-ce3c9981670e}</UniqueIdentifier>
    </Filter>
  </ItemGroup>
  <ItemGroup>
    <None Include="packages.config" />
    <None Include="cpp.hint" />
  </ItemGroup>
</Project>